
Microsoft Visual Studio Solution File, Format Version 12.00
# Visual Studio Version 16
VisualStudioVersion = 16.0.34114.132
MinimumVisualStudioVersion = 10.0.40219.1
Project("{FAE04EC0-301F-11D3-BF4B-00C04F79EFBC}") = "A_Star_Algoritmasi", "A_Star_Algoritmasi\A_Star_Algoritmasi.csproj", "{71C6C24D-C442-48AB-8AF8-D0D2A8898B0D}"
EndProject
Global
	GlobalSection(SolutionConfigurationPlatforms) = preSolution
		Debug|Any CPU = Debug|Any CPU
		Release|Any CPU = Release|Any CPU
	EndGlobalSection
	GlobalSection(ProjectConfigurationPlatforms) = postSolution
		{71C6C24D-C442-48AB-8AF8-D0D2A8898B0D}.Debug|Any CPU.ActiveCfg = Debug|Any CPU
		{71C6C24D-C442-48AB-8AF8-D0D2A8898B0D}.Debug|Any CPU.Build.0 = Debug|Any CPU
		{71C6C24D-C442-48AB-8AF8-D0D2A8898B0D}.Release|Any CPU.ActiveCfg = Release|Any CPU
		{71C6C24D-C442-48AB-8AF8-D0D2A8898B0D}.Release|Any CPU.Build.0 = Release|Any CPU
	EndGlobalSection
	GlobalSection(SolutionProperties) = preSolution
		HideSolutionNode = FALSE
	EndGlobalSection
	GlobalSection(ExtensibilityGlobals) = postSolution
		SolutionGuid = {9BED49E4-415B-4613-ADF2-107F460B1F7E}
	EndGlobalSection
EndGlobal
